// !$*UTF8*$!
{
	archiveVersion = 1;
	classes = {
	};
	objectVersion = 46;
	objects = {

/* Begin PBXBuildFile section */
		647428BE4D56DBE0D30A05E6 /* libPods-百思不得姐Demo.a in Frameworks */ = {isa = PBXBuildFile; fileRef = 4811D8ECB3E7617964651A1F /* libPods-百思不得姐Demo.a */; };
		B0346FD41CE2F15400AC0CA1 /* Assets.xcassets in Resources */ = {isa = PBXBuildFile; fileRef = B0346FD31CE2F15400AC0CA1 /* Assets.xcassets */; };
		B0346FE21CE2F15400AC0CA1 /* _____DemoTests.m in Sources */ = {isa = PBXBuildFile; fileRef = B0346FE11CE2F15400AC0CA1 /* _____DemoTests.m */; };
		B0346FED1CE2F15400AC0CA1 /* _____DemoUITests.m in Sources */ = {isa = PBXBuildFile; fileRef = B0346FEC1CE2F15400AC0CA1 /* _____DemoUITests.m */; };
		B040C3B21CE4A64700EF7E80 /* WDWEssenceController.m in Sources */ = {isa = PBXBuildFile; fileRef = B040C38A1CE4A64700EF7E80 /* WDWEssenceController.m */; };
		B040C3B31CE4A64700EF7E80 /* WDWFriendsController.m in Sources */ = {isa = PBXBuildFile; fileRef = B040C3901CE4A64700EF7E80 /* WDWFriendsController.m */; };
		B040C3B41CE4A64700EF7E80 /* WDWMeController.m in Sources */ = {isa = PBXBuildFile; fileRef = B040C3961CE4A64700EF7E80 /* WDWMeController.m */; };
		B040C3B51CE4A64700EF7E80 /* WDWNewController.m in Sources */ = {isa = PBXBuildFile; fileRef = B040C39C1CE4A64700EF7E80 /* WDWNewController.m */; };
		B040C3B61CE4A64700EF7E80 /* AppDelegate.m in Sources */ = {isa = PBXBuildFile; fileRef = B040C3A11CE4A64700EF7E80 /* AppDelegate.m */; };
		B040C3B71CE4A64700EF7E80 /* UIBarButtonItem+Extension.m in Sources */ = {isa = PBXBuildFile; fileRef = B040C3A41CE4A64700EF7E80 /* UIBarButtonItem+Extension.m */; };
		B040C3B81CE4A64700EF7E80 /* UIView+Extension.m in Sources */ = {isa = PBXBuildFile; fileRef = B040C3A61CE4A64700EF7E80 /* UIView+Extension.m */; };
		B040C3B91CE4A64700EF7E80 /* WDWNavigationController.m in Sources */ = {isa = PBXBuildFile; fileRef = B040C3A91CE4A64700EF7E80 /* WDWNavigationController.m */; };
		B040C3BA1CE4A64700EF7E80 /* WDWTabBarController.m in Sources */ = {isa = PBXBuildFile; fileRef = B040C3AB1CE4A64700EF7E80 /* WDWTabBarController.m */; };
		B040C3BB1CE4A64700EF7E80 /* main.m in Sources */ = {isa = PBXBuildFile; fileRef = B040C3AC1CE4A64700EF7E80 /* main.m */; };
		B040C3BC1CE4A64700EF7E80 /* WDWTabBar.m in Sources */ = {isa = PBXBuildFile; fileRef = B040C3B11CE4A64700EF7E80 /* WDWTabBar.m */; };
		B040C4001CE842B700EF7E80 /* WDWFriendsController.xib in Resources */ = {isa = PBXBuildFile; fileRef = B040C3FF1CE842B700EF7E80 /* WDWFriendsController.xib */; };
		B040C4041CE844F400EF7E80 /* WDWRecommendViewController.m in Sources */ = {isa = PBXBuildFile; fileRef = B040C4021CE844F400EF7E80 /* WDWRecommendViewController.m */; };
		B040C4051CE844F400EF7E80 /* WDWRecommendViewController.xib in Resources */ = {isa = PBXBuildFile; fileRef = B040C4031CE844F400EF7E80 /* WDWRecommendViewController.xib */; };
/* End PBXBuildFile section */

/* Begin PBXContainerItemProxy section */
		B0346FDE1CE2F15400AC0CA1 /* PBXContainerItemProxy */ = {
			isa = PBXContainerItemProxy;
			containerPortal = B0346FBC1CE2F15400AC0CA1 /* Project object */;
			proxyType = 1;
			remoteGlobalIDString = B0346FC31CE2F15400AC0CA1;
			remoteInfo = "百思不得姐Demo";
		};
		B0346FE91CE2F15400AC0CA1 /* PBXContainerItemProxy */ = {
			isa = PBXContainerItemProxy;
			containerPortal = B0346FBC1CE2F15400AC0CA1 /* Project object */;
			proxyType = 1;
			remoteGlobalIDString = B0346FC31CE2F15400AC0CA1;
			remoteInfo = "百思不得姐Demo";
		};
/* End PBXContainerItemProxy section */

/* Begin PBXFileReference section */
		0FE46FA048DBC02E35D535E5 /* Pods-百思不得姐Demo.release.xcconfig */ = {isa = PBXFileReference; includeInIndex = 1; lastKnownFileType = text.xcconfig; name = "Pods-百思不得姐Demo.release.xcconfig"; path = "Pods/Target Support Files/Pods-百思不得姐Demo/Pods-百思不得姐Demo.release.xcconfig"; sourceTree = "<group>"; };
		33BD8A3B4FC68F2BDE9670EB /* Pods-百思不得姐Demo.debug.xcconfig */ = {isa = PBXFileReference; includeInIndex = 1; lastKnownFileType = text.xcconfig; name = "Pods-百思不得姐Demo.debug.xcconfig"; path = "Pods/Target Support Files/Pods-百思不得姐Demo/Pods-百思不得姐Demo.debug.xcconfig"; sourceTree = "<group>"; };
		4811D8ECB3E7617964651A1F /* libPods-百思不得姐Demo.a */ = {isa = PBXFileReference; explicitFileType = archive.ar; includeInIndex = 0; path = "libPods-百思不得姐Demo.a"; sourceTree = BUILT_PRODUCTS_DIR; };
		B0346FC41CE2F15400AC0CA1 /* 百思不得姐Demo.app */ = {isa = PBXFileReference; explicitFileType = wrapper.application; includeInIndex = 0; path = "百思不得姐Demo.app"; sourceTree = BUILT_PRODUCTS_DIR; };
		B0346FD31CE2F15400AC0CA1 /* Assets.xcassets */ = {isa = PBXFileReference; lastKnownFileType = folder.assetcatalog; path = Assets.xcassets; sourceTree = "<group>"; };
		B0346FD81CE2F15400AC0CA1 /* Info.plist */ = {isa = PBXFileReference; lastKnownFileType = text.plist.xml; path = Info.plist; sourceTree = "<group>"; };
		B0346FDD1CE2F15400AC0CA1 /* 百思不得姐DemoTests.xctest */ = {isa = PBXFileReference; explicitFileType = wrapper.cfbundle; includeInIndex = 0; path = "百思不得姐DemoTests.xctest"; sourceTree = BUILT_PRODUCTS_DIR; };
		B0346FE11CE2F15400AC0CA1 /* _____DemoTests.m */ = {isa = PBXFileReference; lastKnownFileType = sourcecode.c.objc; path = "_____DemoTests.m"; sourceTree = "<group>"; };
		B0346FE31CE2F15400AC0CA1 /* Info.plist */ = {isa = PBXFileReference; lastKnownFileType = text.plist.xml; path = Info.plist; sourceTree = "<group>"; };
		B0346FE81CE2F15400AC0CA1 /* 百思不得姐DemoUITests.xctest */ = {isa = PBXFileReference; explicitFileType = wrapper.cfbundle; includeInIndex = 0; path = "百思不得姐DemoUITests.xctest"; sourceTree = BUILT_PRODUCTS_DIR; };
		B0346FEC1CE2F15400AC0CA1 /* _____DemoUITests.m */ = {isa = PBXFileReference; lastKnownFileType = sourcecode.c.objc; path = "_____DemoUITests.m"; sourceTree = "<group>"; };
		B0346FEE1CE2F15400AC0CA1 /* Info.plist */ = {isa = PBXFileReference; lastKnownFileType = text.plist.xml; path = Info.plist; sourceTree = "<group>"; };
		B040C3891CE4A64700EF7E80 /* WDWEssenceController.h */ = {isa = PBXFileReference; fileEncoding = 4; lastKnownFileType = sourcecode.c.h; path = WDWEssenceController.h; sourceTree = "<group>"; };
		B040C38A1CE4A64700EF7E80 /* WDWEssenceController.m */ = {isa = PBXFileReference; fileEncoding = 4; lastKnownFileType = sourcecode.c.objc; path = WDWEssenceController.m; sourceTree = "<group>"; };
		B040C38F1CE4A64700EF7E80 /* WDWFriendsController.h */ = {isa = PBXFileReference; fileEncoding = 4; lastKnownFileType = sourcecode.c.h; path = WDWFriendsController.h; sourceTree = "<group>"; };
		B040C3901CE4A64700EF7E80 /* WDWFriendsController.m */ = {isa = PBXFileReference; fileEncoding = 4; lastKnownFileType = sourcecode.c.objc; path = WDWFriendsController.m; sourceTree = "<group>"; };
		B040C3951CE4A64700EF7E80 /* WDWMeController.h */ = {isa = PBXFileReference; fileEncoding = 4; lastKnownFileType = sourcecode.c.h; path = WDWMeController.h; sourceTree = "<group>"; };
		B040C3961CE4A64700EF7E80 /* WDWMeController.m */ = {isa = PBXFileReference; fileEncoding = 4; lastKnownFileType = sourcecode.c.objc; path = WDWMeController.m; sourceTree = "<group>"; };
		B040C39B1CE4A64700EF7E80 /* WDWNewController.h */ = {isa = PBXFileReference; fileEncoding = 4; lastKnownFileType = sourcecode.c.h; path = WDWNewController.h; sourceTree = "<group>"; };
		B040C39C1CE4A64700EF7E80 /* WDWNewController.m */ = {isa = PBXFileReference; fileEncoding = 4; lastKnownFileType = sourcecode.c.objc; path = WDWNewController.m; sourceTree = "<group>"; };
		B040C3A01CE4A64700EF7E80 /* AppDelegate.h */ = {isa = PBXFileReference; fileEncoding = 4; lastKnownFileType = sourcecode.c.h; path = AppDelegate.h; sourceTree = "<group>"; };
		B040C3A11CE4A64700EF7E80 /* AppDelegate.m */ = {isa = PBXFileReference; fileEncoding = 4; lastKnownFileType = sourcecode.c.objc; path = AppDelegate.m; sourceTree = "<group>"; };
		B040C3A31CE4A64700EF7E80 /* UIBarButtonItem+Extension.h */ = {isa = PBXFileReference; fileEncoding = 4; lastKnownFileType = sourcecode.c.h; path = "UIBarButtonItem+Extension.h"; sourceTree = "<group>"; };
		B040C3A41CE4A64700EF7E80 /* UIBarButtonItem+Extension.m */ = {isa = PBXFileReference; fileEncoding = 4; lastKnownFileType = sourcecode.c.objc; path = "UIBarButtonItem+Extension.m"; sourceTree = "<group>"; };
		B040C3A51CE4A64700EF7E80 /* UIView+Extension.h */ = {isa = PBXFileReference; fileEncoding = 4; lastKnownFileType = sourcecode.c.h; path = "UIView+Extension.h"; sourceTree = "<group>"; };
		B040C3A61CE4A64700EF7E80 /* UIView+Extension.m */ = {isa = PBXFileReference; fileEncoding = 4; lastKnownFileType = sourcecode.c.objc; path = "UIView+Extension.m"; sourceTree = "<group>"; };
		B040C3A81CE4A64700EF7E80 /* WDWNavigationController.h */ = {isa = PBXFileReference; fileEncoding = 4; lastKnownFileType = sourcecode.c.h; path = WDWNavigationController.h; sourceTree = "<group>"; };
		B040C3A91CE4A64700EF7E80 /* WDWNavigationController.m */ = {isa = PBXFileReference; fileEncoding = 4; lastKnownFileType = sourcecode.c.objc; path = WDWNavigationController.m; sourceTree = "<group>"; };
		B040C3AA1CE4A64700EF7E80 /* WDWTabBarController.h */ = {isa = PBXFileReference; fileEncoding = 4; lastKnownFileType = sourcecode.c.h; path = WDWTabBarController.h; sourceTree = "<group>"; };
		B040C3AB1CE4A64700EF7E80 /* WDWTabBarController.m */ = {isa = PBXFileReference; fileEncoding = 4; lastKnownFileType = sourcecode.c.objc; path = WDWTabBarController.m; sourceTree = "<group>"; };
		B040C3AC1CE4A64700EF7E80 /* main.m */ = {isa = PBXFileReference; fileEncoding = 4; lastKnownFileType = sourcecode.c.objc; path = main.m; sourceTree = "<group>"; };
		B040C3AE1CE4A64700EF7E80 /* PrefixHeader.pch */ = {isa = PBXFileReference; fileEncoding = 4; lastKnownFileType = sourcecode.c.h; path = PrefixHeader.pch; sourceTree = "<group>"; };
		B040C3B01CE4A64700EF7E80 /* WDWTabBar.h */ = {isa = PBXFileReference; fileEncoding = 4; lastKnownFileType = sourcecode.c.h; path = WDWTabBar.h; sourceTree = "<group>"; };
		B040C3B11CE4A64700EF7E80 /* WDWTabBar.m */ = {isa = PBXFileReference; fileEncoding = 4; lastKnownFileType = sourcecode.c.objc; path = WDWTabBar.m; sourceTree = "<group>"; };
		B040C3FF1CE842B700EF7E80 /* WDWFriendsController.xib */ = {isa = PBXFileReference; fileEncoding = 4; lastKnownFileType = file.xib; path = WDWFriendsController.xib; sourceTree = "<group>"; };
		B040C4011CE844F400EF7E80 /* WDWRecommendViewController.h */ = {isa = PBXFileReference; fileEncoding = 4; lastKnownFileType = sourcecode.c.h; path = WDWRecommendViewController.h; sourceTree = "<group>"; };
		B040C4021CE844F400EF7E80 /* WDWRecommendViewController.m */ = {isa = PBXFileReference; fileEncoding = 4; lastKnownFileType = sourcecode.c.objc; path = WDWRecommendViewController.m; sourceTree = "<group>"; };
		B040C4031CE844F400EF7E80 /* WDWRecommendViewController.xib */ = {isa = PBXFileReference; fileEncoding = 4; lastKnownFileType = file.xib; path = WDWRecommendViewController.xib; sourceTree = "<group>"; };
/* End PBXFileReference section */

/* Begin PBXFrameworksBuildPhase section */
		B0346FC11CE2F15400AC0CA1 /* Frameworks */ = {
			isa = PBXFrameworksBuildPhase;
			buildActionMask = 2147483647;
			files = (
				647428BE4D56DBE0D30A05E6 /* libPods-百思不得姐Demo.a in Frameworks */,
			);
			runOnlyForDeploymentPostprocessing = 0;
		};
		B0346FDA1CE2F15400AC0CA1 /* Frameworks */ = {
			isa = PBXFrameworksBuildPhase;
			buildActionMask = 2147483647;
			files = (
			);
			runOnlyForDeploymentPostprocessing = 0;
		};
		B0346FE51CE2F15400AC0CA1 /* Frameworks */ = {
			isa = PBXFrameworksBuildPhase;
			buildActionMask = 2147483647;
			files = (
			);
			runOnlyForDeploymentPostprocessing = 0;
		};
/* End PBXFrameworksBuildPhase section */

/* Begin PBXGroup section */
		6A1F88D7B942EB319FF389D1 /* Pods */ = {
			isa = PBXGroup;
			children = (
				33BD8A3B4FC68F2BDE9670EB /* Pods-百思不得姐Demo.debug.xcconfig */,
				0FE46FA048DBC02E35D535E5 /* Pods-百思不得姐Demo.release.xcconfig */,
			);
			name = Pods;
			sourceTree = "<group>";
		};
		B0346FBB1CE2F15400AC0CA1 = {
			isa = PBXGroup;
			children = (
				B0346FC61CE2F15400AC0CA1 /* 百思不得姐Demo */,
				B0346FE01CE2F15400AC0CA1 /* 百思不得姐DemoTests */,
				B0346FEB1CE2F15400AC0CA1 /* 百思不得姐DemoUITests */,
				B0346FC51CE2F15400AC0CA1 /* Products */,
				6A1F88D7B942EB319FF389D1 /* Pods */,
				DE09891A7282E30678E0E114 /* Frameworks */,
			);
			sourceTree = "<group>";
		};
		B0346FC51CE2F15400AC0CA1 /* Products */ = {
			isa = PBXGroup;
			children = (
				B0346FC41CE2F15400AC0CA1 /* 百思不得姐Demo.app */,
				B0346FDD1CE2F15400AC0CA1 /* 百思不得姐DemoTests.xctest */,
				B0346FE81CE2F15400AC0CA1 /* 百思不得姐DemoUITests.xctest */,
			);
			name = Products;
			sourceTree = "<group>";
		};
		B0346FC61CE2F15400AC0CA1 /* 百思不得姐Demo */ = {
			isa = PBXGroup;
			children = (
				B040C3861CE4A64700EF7E80 /* Classes */,
				B0346FC71CE2F15400AC0CA1 /* Supporting Files */,
			);
			path = "百思不得姐Demo";
			sourceTree = "<group>";
		};
		B0346FC71CE2F15400AC0CA1 /* Supporting Files */ = {
			isa = PBXGroup;
			children = (
				B0346FD31CE2F15400AC0CA1 /* Assets.xcassets */,
				B0346FD81CE2F15400AC0CA1 /* Info.plist */,
			);
			name = "Supporting Files";
			sourceTree = "<group>";
		};
		B0346FE01CE2F15400AC0CA1 /* 百思不得姐DemoTests */ = {
			isa = PBXGroup;
			children = (
				B0346FE11CE2F15400AC0CA1 /* _____DemoTests.m */,
				B0346FE31CE2F15400AC0CA1 /* Info.plist */,
			);
			path = "百思不得姐DemoTests";
			sourceTree = "<group>";
		};
		B0346FEB1CE2F15400AC0CA1 /* 百思不得姐DemoUITests */ = {
			isa = PBXGroup;
			children = (
				B0346FEC1CE2F15400AC0CA1 /* _____DemoUITests.m */,
				B0346FEE1CE2F15400AC0CA1 /* Info.plist */,
			);
			path = "百思不得姐DemoUITests";
			sourceTree = "<group>";
		};
		B040C3861CE4A64700EF7E80 /* Classes */ = {
			isa = PBXGroup;
			children = (
				B040C3871CE4A64700EF7E80 /* Essence-精华 */,
				B040C3991CE4A64700EF7E80 /* New-最新 */,
				B040C38D1CE4A64700EF7E80 /* Frirnds-关注 */,
				B040C3931CE4A64700EF7E80 /* Me-我 */,
				B040C39F1CE4A64700EF7E80 /* Other-其他 */,
			);
			path = Classes;
			sourceTree = "<group>";
		};
		B040C3871CE4A64700EF7E80 /* Essence-精华 */ = {
			isa = PBXGroup;
			children = (
				B040C3881CE4A64700EF7E80 /* Controller */,
				B040C38B1CE4A64700EF7E80 /* Model */,
				B040C38C1CE4A64700EF7E80 /* View */,
			);
			path = "Essence-精华";
			sourceTree = "<group>";
		};
		B040C3881CE4A64700EF7E80 /* Controller */ = {
			isa = PBXGroup;
			children = (
				B040C3891CE4A64700EF7E80 /* WDWEssenceController.h */,
				B040C38A1CE4A64700EF7E80 /* WDWEssenceController.m */,
			);
			path = Controller;
			sourceTree = "<group>";
		};
		B040C38B1CE4A64700EF7E80 /* Model */ = {
			isa = PBXGroup;
			children = (
			);
			path = Model;
			sourceTree = "<group>";
		};
		B040C38C1CE4A64700EF7E80 /* View */ = {
			isa = PBXGroup;
			children = (
			);
			path = View;
			sourceTree = "<group>";
		};
		B040C38D1CE4A64700EF7E80 /* Frirnds-关注 */ = {
			isa = PBXGroup;
			children = (
				B040C38E1CE4A64700EF7E80 /* Controller */,
				B040C3911CE4A64700EF7E80 /* Model */,
				B040C3921CE4A64700EF7E80 /* View */,
			);
			path = "Frirnds-关注";
			sourceTree = "<group>";
		};
		B040C38E1CE4A64700EF7E80 /* Controller */ = {
			isa = PBXGroup;
			children = (
				B040C38F1CE4A64700EF7E80 /* WDWFriendsController.h */,
				B040C3901CE4A64700EF7E80 /* WDWFriendsController.m */,
				B040C3FF1CE842B700EF7E80 /* WDWFriendsController.xib */,
				B040C4011CE844F400EF7E80 /* WDWRecommendViewController.h */,
				B040C4021CE844F400EF7E80 /* WDWRecommendViewController.m */,
				B040C4031CE844F400EF7E80 /* WDWRecommendViewController.xib */,
			);
			path = Controller;
			sourceTree = "<group>";
		};
		B040C3911CE4A64700EF7E80 /* Model */ = {
			isa = PBXGroup;
			children = (
			);
			path = Model;
			sourceTree = "<group>";
		};
		B040C3921CE4A64700EF7E80 /* View */ = {
			isa = PBXGroup;
			children = (
			);
			path = View;
			sourceTree = "<group>";
		};
		B040C3931CE4A64700EF7E80 /* Me-我 */ = {
			isa = PBXGroup;
			children = (
				B040C3941CE4A64700EF7E80 /* Controller */,
				B040C3971CE4A64700EF7E80 /* Model */,
				B040C3981CE4A64700EF7E80 /* View */,
			);
			path = "Me-我";
			sourceTree = "<group>";
		};
		B040C3941CE4A64700EF7E80 /* Controller */ = {
			isa = PBXGroup;
			children = (
				B040C3951CE4A64700EF7E80 /* WDWMeController.h */,
				B040C3961CE4A64700EF7E80 /* WDWMeController.m */,
			);
			path = Controller;
			sourceTree = "<group>";
		};
		B040C3971CE4A64700EF7E80 /* Model */ = {
			isa = PBXGroup;
			children = (
			);
			path = Model;
			sourceTree = "<group>";
		};
		B040C3981CE4A64700EF7E80 /* View */ = {
			isa = PBXGroup;
			children = (
			);
			path = View;
			sourceTree = "<group>";
		};
		B040C3991CE4A64700EF7E80 /* New-最新 */ = {
			isa = PBXGroup;
			children = (
				B040C39A1CE4A64700EF7E80 /* Controller */,
				B040C39D1CE4A64700EF7E80 /* Model */,
				B040C39E1CE4A64700EF7E80 /* View */,
			);
			path = "New-最新";
			sourceTree = "<group>";
		};
		B040C39A1CE4A64700EF7E80 /* Controller */ = {
			isa = PBXGroup;
			children = (
				B040C39B1CE4A64700EF7E80 /* WDWNewController.h */,
				B040C39C1CE4A64700EF7E80 /* WDWNewController.m */,
			);
			path = Controller;
			sourceTree = "<group>";
		};
		B040C39D1CE4A64700EF7E80 /* Model */ = {
			isa = PBXGroup;
			children = (
			);
			path = Model;
			sourceTree = "<group>";
		};
		B040C39E1CE4A64700EF7E80 /* View */ = {
			isa = PBXGroup;
			children = (
			);
			path = View;
			sourceTree = "<group>";
		};
		B040C39F1CE4A64700EF7E80 /* Other-其他 */ = {
			isa = PBXGroup;
			children = (
				B040C3A71CE4A64700EF7E80 /* Controller */,
				B040C3AD1CE4A64700EF7E80 /* Model */,
				B040C3AF1CE4A64700EF7E80 /* View */,
				B040C3A21CE4A64700EF7E80 /* Catagory */,
				B040C3A01CE4A64700EF7E80 /* AppDelegate.h */,
				B040C3A11CE4A64700EF7E80 /* AppDelegate.m */,
				B040C3AC1CE4A64700EF7E80 /* main.m */,
				B040C3AE1CE4A64700EF7E80 /* PrefixHeader.pch */,
			);
			path = "Other-其他";
			sourceTree = "<group>";
		};
		B040C3A21CE4A64700EF7E80 /* Catagory */ = {
			isa = PBXGroup;
			children = (
				B040C3A31CE4A64700EF7E80 /* UIBarButtonItem+Extension.h */,
				B040C3A41CE4A64700EF7E80 /* UIBarButtonItem+Extension.m */,
				B040C3A51CE4A64700EF7E80 /* UIView+Extension.h */,
				B040C3A61CE4A64700EF7E80 /* UIView+Extension.m */,
			);
			path = Catagory;
			sourceTree = "<group>";
		};
		B040C3A71CE4A64700EF7E80 /* Controller */ = {
			isa = PBXGroup;
			children = (
				B040C3A81CE4A64700EF7E80 /* WDWNavigationController.h */,
				B040C3A91CE4A64700EF7E80 /* WDWNavigationController.m */,
				B040C3AA1CE4A64700EF7E80 /* WDWTabBarController.h */,
				B040C3AB1CE4A64700EF7E80 /* WDWTabBarController.m */,
			);
			path = Controller;
			sourceTree = "<group>";
		};
		B040C3AD1CE4A64700EF7E80 /* Model */ = {
			isa = PBXGroup;
			children = (
			);
			path = Model;
			sourceTree = "<group>";
		};
		B040C3AF1CE4A64700EF7E80 /* View */ = {
			isa = PBXGroup;
			children = (
				B040C3B01CE4A64700EF7E80 /* WDWTabBar.h */,
				B040C3B11CE4A64700EF7E80 /* WDWTabBar.m */,
			);
			path = View;
			sourceTree = "<group>";
		};
		DE09891A7282E30678E0E114 /* Frameworks */ = {
			isa = PBXGroup;
			children = (
				4811D8ECB3E7617964651A1F /* libPods-百思不得姐Demo.a */,
			);
			name = Frameworks;
			sourceTree = "<group>";
		};
/* End PBXGroup section */

/* Begin PBXNativeTarget section */
		B0346FC31CE2F15400AC0CA1 /* 百思不得姐Demo */ = {
			isa = PBXNativeTarget;
			buildConfigurationList = B0346FF11CE2F15400AC0CA1 /* Build configuration list for PBXNativeTarget "百思不得姐Demo" */;
			buildPhases = (
				74568FA88EC071875D3A989E /* 📦 Check Pods Manifest.lock */,
				B0346FC01CE2F15400AC0CA1 /* Sources */,
				B0346FC11CE2F15400AC0CA1 /* Frameworks */,
				B0346FC21CE2F15400AC0CA1 /* Resources */,
				F18C76643615A756910103B3 /* 📦 Embed Pods Frameworks */,
				04A5CF1FD7FEA9BB4C64DFC2 /* 📦 Copy Pods Resources */,
			);
			buildRules = (
			);
			dependencies = (
			);
			name = "百思不得姐Demo";
			productName = "百思不得姐Demo";
			productReference = B0346FC41CE2F15400AC0CA1 /* 百思不得姐Demo.app */;
			productType = "com.apple.product-type.application";
		};
		B0346FDC1CE2F15400AC0CA1 /* 百思不得姐DemoTests */ = {
			isa = PBXNativeTarget;
			buildConfigurationList = B0346FF41CE2F15400AC0CA1 /* Build configuration list for PBXNativeTarget "百思不得姐DemoTests" */;
			buildPhases = (
				B0346FD91CE2F15400AC0CA1 /* Sources */,
				B0346FDA1CE2F15400AC0CA1 /* Frameworks */,
				B0346FDB1CE2F15400AC0CA1 /* Resources */,
			);
			buildRules = (
			);
			dependencies = (
				B0346FDF1CE2F15400AC0CA1 /* PBXTargetDependency */,
			);
			name = "百思不得姐DemoTests";
			productName = "百思不得姐DemoTests";
			productReference = B0346FDD1CE2F15400AC0CA1 /* 百思不得姐DemoTests.xctest */;
			productType = "com.apple.product-type.bundle.unit-test";
		};
		B0346FE71CE2F15400AC0CA1 /* 百思不得姐DemoUITests */ = {
			isa = PBXNativeTarget;
			buildConfigurationList = B0346FF71CE2F15400AC0CA1 /* Build configuration list for PBXNativeTarget "百思不得姐DemoUITests" */;
			buildPhases = (
				B0346FE41CE2F15400AC0CA1 /* Sources */,
				B0346FE51CE2F15400AC0CA1 /* Frameworks */,
				B0346FE61CE2F15400AC0CA1 /* Resources */,
			);
			buildRules = (
			);
			dependencies = (
				B0346FEA1CE2F15400AC0CA1 /* PBXTargetDependency */,
			);
			name = "百思不得姐DemoUITests";
			productName = "百思不得姐DemoUITests";
			productReference = B0346FE81CE2F15400AC0CA1 /* 百思不得姐DemoUITests.xctest */;
			productType = "com.apple.product-type.bundle.ui-testing";
		};
/* End PBXNativeTarget section */

/* Begin PBXProject section */
		B0346FBC1CE2F15400AC0CA1 /* Project object */ = {
			isa = PBXProject;
			attributes = {
				CLASSPREFIX = WDW;
				LastUpgradeCheck = 0730;
				ORGANIZATIONNAME = WindWang;
				TargetAttributes = {
					B0346FC31CE2F15400AC0CA1 = {
						CreatedOnToolsVersion = 7.3.1;
						DevelopmentTeam = GTCCQGT35X;
					};
					B0346FDC1CE2F15400AC0CA1 = {
						CreatedOnToolsVersion = 7.3.1;
						DevelopmentTeam = GTCCQGT35X;
						TestTargetID = B0346FC31CE2F15400AC0CA1;
					};
					B0346FE71CE2F15400AC0CA1 = {
						CreatedOnToolsVersion = 7.3.1;
						DevelopmentTeam = GTCCQGT35X;
						TestTargetID = B0346FC31CE2F15400AC0CA1;
					};
				};
			};
			buildConfigurationList = B0346FBF1CE2F15400AC0CA1 /* Build configuration list for PBXProject "百思不得姐Demo" */;
			compatibilityVersion = "Xcode 3.2";
			developmentRegion = English;
			hasScannedForEncodings = 0;
			knownRegions = (
				en,
				Base,
			);
			mainGroup = B0346FBB1CE2F15400AC0CA1;
			productRefGroup = B0346FC51CE2F15400AC0CA1 /* Products */;
			projectDirPath = "";
			projectRoot = "";
			targets = (
				B0346FC31CE2F15400AC0CA1 /* 百思不得姐Demo */,
				B0346FDC1CE2F15400AC0CA1 /* 百思不得姐DemoTests */,
				B0346FE71CE2F15400AC0CA1 /* 百思不得姐DemoUITests */,
			);
		};
/* End PBXProject section */

/* Begin PBXResourcesBuildPhase section */
		B0346FC21CE2F15400AC0CA1 /* Resources */ = {
			isa = PBXResourcesBuildPhase;
			buildActionMask = 2147483647;
			files = (
				B040C4051CE844F400EF7E80 /* WDWRecommendViewController.xib in Resources */,
				B040C4001CE842B700EF7E80 /* WDWFriendsController.xib in Resources */,
				B0346FD41CE2F15400AC0CA1 /* Assets.xcassets in Resources */,
			);
			runOnlyForDeploymentPostprocessing = 0;
		};
		B0346FDB1CE2F15400AC0CA1 /* Resources */ = {
			isa = PBXResourcesBuildPhase;
			buildActionMask = 2147483647;
			files = (
			);
			runOnlyForDeploymentPostprocessing = 0;
		};
		B0346FE61CE2F15400AC0CA1 /* Resources */ = {
			isa = PBXResourcesBuildPhase;
			buildActionMask = 2147483647;
			files = (
			);
			runOnlyForDeploymentPostprocessing = 0;
		};
/* End PBXResourcesBuildPhase section */

/* Begin PBXShellScriptBuildPhase section */
		04A5CF1FD7FEA9BB4C64DFC2 /* 📦 Copy Pods Resources */ = {
			isa = PBXShellScriptBuildPhase;
			buildActionMask = 2147483647;
			files = (
			);
			inputPaths = (
			);
			name = "📦 Copy Pods Resources";
			outputPaths = (
			);
			runOnlyForDeploymentPostprocessing = 0;
			shellPath = /bin/sh;
			shellScript = "\"${SRCROOT}/Pods/Target Support Files/Pods-百思不得姐Demo/Pods-百思不得姐Demo-resources.sh\"\n";
			showEnvVarsInLog = 0;
		};
		74568FA88EC071875D3A989E /* 📦 Check Pods Manifest.lock */ = {
			isa = PBXShellScriptBuildPhase;
			buildActionMask = 2147483647;
			files = (
			);
			inputPaths = (
			);
			name = "📦 Check Pods Manifest.lock";
			outputPaths = (
			);
			runOnlyForDeploymentPostprocessing = 0;
			shellPath = /bin/sh;
			shellScript = "diff \"${PODS_ROOT}/../Podfile.lock\" \"${PODS_ROOT}/Manifest.lock\" > /dev/null\nif [[ $? != 0 ]] ; then\n    cat << EOM\nerror: The sandbox is not in sync with the Podfile.lock. Run 'pod install' or update your CocoaPods installation.\nEOM\n    exit 1\nfi\n";
			showEnvVarsInLog = 0;
		};
		F18C76643615A756910103B3 /* 📦 Embed Pods Frameworks */ = {
			isa = PBXShellScriptBuildPhase;
			buildActionMask = 2147483647;
			files = (
			);
			inputPaths = (
			);
			name = "📦 Embed Pods Frameworks";
			outputPaths = (
			);
			runOnlyForDeploymentPostprocessing = 0;
			shellPath = /bin/sh;
			shellScript = "\"${SRCROOT}/Pods/Target Support Files/Pods-百思不得姐Demo/Pods-百思不得姐Demo-frameworks.sh\"\n";
			showEnvVarsInLog = 0;
		};
/* End PBXShellScriptBuildPhase section */

/* Begin PBXSourcesBuildPhase section */
		B0346FC01CE2F15400AC0CA1 /* Sources */ = {
			isa = PBXSourcesBuildPhase;
			buildActionMask = 2147483647;
			files = (
				B040C3BB1CE4A64700EF7E80 /* main.m in Sources */,
				B040C3B71CE4A64700EF7E80 /* UIBarButtonItem+Extension.m in Sources */,
				B040C3B31CE4A64700EF7E80 /* WDWFriendsController.m in Sources */,
				B040C3B91CE4A64700EF7E80 /* WDWNavigationController.m in Sources */,
				B040C3B51CE4A64700EF7E80 /* WDWNewController.m in Sources */,
				B040C3BC1CE4A64700EF7E80 /* WDWTabBar.m in Sources */,
				B040C3B81CE4A64700EF7E80 /* UIView+Extension.m in Sources */,
				B040C3B21CE4A64700EF7E80 /* WDWEssenceController.m in Sources */,
				B040C3B41CE4A64700EF7E80 /* WDWMeController.m in Sources */,
				B040C3B61CE4A64700EF7E80 /* AppDelegate.m in Sources */,
				B040C4041CE844F400EF7E80 /* WDWRecommendViewController.m in Sources */,
				B040C3BA1CE4A64700EF7E80 /* WDWTabBarController.m in Sources */,
			);
			runOnlyForDeploymentPostprocessing = 0;
		};
		B0346FD91CE2F15400AC0CA1 /* Sources */ = {
			isa = PBXSourcesBuildPhase;
			buildActionMask = 2147483647;
			files = (
				B0346FE21CE2F15400AC0CA1 /* _____DemoTests.m in Sources */,
			);
			runOnlyForDeploymentPostprocessing = 0;
		};
		B0346FE41CE2F15400AC0CA1 /* Sources */ = {
			isa = PBXSourcesBuildPhase;
			buildActionMask = 2147483647;
			files = (
				B0346FED1CE2F15400AC0CA1 /* _____DemoUITests.m in Sources */,
			);
			runOnlyForDeploymentPostprocessing = 0;
		};
/* End PBXSourcesBuildPhase section */

/* Begin PBXTargetDependency section */
		B0346FDF1CE2F15400AC0CA1 /* PBXTargetDependency */ = {
			isa = PBXTargetDependency;
			target = B0346FC31CE2F15400AC0CA1 /* 百思不得姐Demo */;
			targetProxy = B0346FDE1CE2F15400AC0CA1 /* PBXContainerItemProxy */;
		};
		B0346FEA1CE2F15400AC0CA1 /* PBXTargetDependency */ = {
			isa = PBXTargetDependency;
			target = B0346FC31CE2F15400AC0CA1 /* 百思不得姐Demo */;
			targetProxy = B0346FE91CE2F15400AC0CA1 /* PBXContainerItemProxy */;
		};
/* End PBXTargetDependency section */

/* Begin XCBuildConfiguration section */
		B0346FEF1CE2F15400AC0CA1 /* Debug */ = {
			isa = XCBuildConfiguration;
			buildSettings = {
				ALWAYS_SEARCH_USER_PATHS = NO;
				CLANG_ANALYZER_NONNULL = YES;
				CLANG_CXX_LANGUAGE_STANDARD = "gnu++0x";
				CLANG_CXX_LIBRARY = "libc++";
				CLANG_ENABLE_MODULES = YES;
				CLANG_ENABLE_OBJC_ARC = YES;
				CLANG_WARN_BOOL_CONVERSION = YES;
				CLANG_WARN_CONSTANT_CONVERSION = YES;
				CLANG_WARN_DIRECT_OBJC_ISA_USAGE = YES_ERROR;
				CLANG_WARN_EMPTY_BODY = YES;
				CLANG_WARN_ENUM_CONVERSION = YES;
				CLANG_WARN_INT_CONVERSION = YES;
				CLANG_WARN_OBJC_ROOT_CLASS = YES_ERROR;
				CLANG_WARN_UNREACHABLE_CODE = YES;
				CLANG_WARN__DUPLICATE_METHOD_MATCH = YES;
				"CODE_SIGN_IDENTITY[sdk=iphoneos*]" = "iPhone Developer";
				COPY_PHASE_STRIP = NO;
				DEBUG_INFORMATION_FORMAT = dwarf;
				ENABLE_STRICT_OBJC_MSGSEND = YES;
				ENABLE_TESTABILITY = YES;
				GCC_C_LANGUAGE_STANDARD = gnu99;
				GCC_DYNAMIC_NO_PIC = NO;
				GCC_NO_COMMON_BLOCKS = YES;
				GCC_OPTIMIZATION_LEVEL = 0;
				GCC_PREPROCESSOR_DEFINITIONS = (
					"DEBUG=1",
					"$(inherited)",
				);
				GCC_WARN_64_TO_32_BIT_CONVERSION = YES;
				GCC_WARN_ABOUT_RETURN_TYPE = YES_ERROR;
				GCC_WARN_UNDECLARED_SELECTOR = YES;
				GCC_WARN_UNINITIALIZED_AUTOS = YES_AGGRESSIVE;
				GCC_WARN_UNUSED_FUNCTION = YES;
				GCC_WARN_UNUSED_VARIABLE = YES;
				IPHONEOS_DEPLOYMENT_TARGET = 9.3;
				MTL_ENABLE_DEBUG_INFO = YES;
				ONLY_ACTIVE_ARCH = YES;
				SDKROOT = iphoneos;
				TARGETED_DEVICE_FAMILY = "1,2";
			};
			name = Debug;
		};
		B0346FF01CE2F15400AC0CA1 /* Release */ = {
			isa = XCBuildConfiguration;
			buildSettings = {
				ALWAYS_SEARCH_USER_PATHS = NO;
				CLANG_ANALYZER_NONNULL = YES;
				CLANG_CXX_LANGUAGE_STANDARD = "gnu++0x";
				CLANG_CXX_LIBRARY = "libc++";
				CLANG_ENABLE_MODULES = YES;
				CLANG_ENABLE_OBJC_ARC = YES;
				CLANG_WARN_BOOL_CONVERSION = YES;
				CLANG_WARN_CONSTANT_CONVERSION = YES;
				CLANG_WARN_DIRECT_OBJC_ISA_USAGE = YES_ERROR;
				CLANG_WARN_EMPTY_BODY = YES;
				CLANG_WARN_ENUM_CONVERSION = YES;
				CLANG_WARN_INT_CONVERSION = YES;
				CLANG_WARN_OBJC_ROOT_CLASS = YES_ERROR;
				CLANG_WARN_UNREACHABLE_CODE = YES;
				CLANG_WARN__DUPLICATE_METHOD_MATCH = YES;
				"CODE_SIGN_IDENTITY[sdk=iphoneos*]" = "iPhone Developer";
				COPY_PHASE_STRIP = NO;
				DEBUG_INFORMATION_FORMAT = "dwarf-with-dsym";
				ENABLE_NS_ASSERTIONS = NO;
				ENABLE_STRICT_OBJC_MSGSEND = YES;
				GCC_C_LANGUAGE_STANDARD = gnu99;
				GCC_NO_COMMON_BLOCKS = YES;
				GCC_WARN_64_TO_32_BIT_CONVERSION = YES;
				GCC_WARN_ABOUT_RETURN_TYPE = YES_ERROR;
				GCC_WARN_UNDECLARED_SELECTOR = YES;
				GCC_WARN_UNINITIALIZED_AUTOS = YES_AGGRESSIVE;
				GCC_WARN_UNUSED_FUNCTION = YES;
				GCC_WARN_UNUSED_VARIABLE = YES;
				IPHONEOS_DEPLOYMENT_TARGET = 9.3;
				MTL_ENABLE_DEBUG_INFO = NO;
				SDKROOT = iphoneos;
				TARGETED_DEVICE_FAMILY = "1,2";
				VALIDATE_PRODUCT = YES;
			};
			name = Release;
		};
		B0346FF21CE2F15400AC0CA1 /* Debug */ = {
			isa = XCBuildConfiguration;
			baseConfigurationReference = 33BD8A3B4FC68F2BDE9670EB /* Pods-百思不得姐Demo.debug.xcconfig */;
			buildSettings = {
				ASSETCATALOG_COMPILER_APPICON_NAME = AppIcon;
				ASSETCATALOG_COMPILER_LAUNCHIMAGE_NAME = LaunchImage;
				CLANG_ENABLE_OBJC_WEAK = YES;
				GCC_PREFIX_HEADER = "百思不得姐Demo/Classes/Other-其他/PrefixHeader.pch";
				INFOPLIST_FILE = "百思不得姐Demo/Info.plist";
				LD_RUNPATH_SEARCH_PATHS = "$(inherited) @executable_path/Frameworks";
				PRODUCT_BUNDLE_IDENTIFIER = "Wind.-----Demo";
				PRODUCT_NAME = "$(TARGET_NAME)";
				TARGETED_DEVICE_FAMILY = 1;
			};
			name = Debug;
		};
		B0346FF31CE2F15400AC0CA1 /* Release */ = {
			isa = XCBuildConfiguration;
			baseConfigurationReference = 0FE46FA048DBC02E35D535E5 /* Pods-百思不得姐Demo.release.xcconfig */;
			buildSettings = {
				ASSETCATALOG_COMPILER_APPICON_NAME = AppIcon;
				ASSETCATALOG_COMPILER_LAUNCHIMAGE_NAME = LaunchImage;
				CLANG_ENABLE_OBJC_WEAK = YES;
				GCC_PREFIX_HEADER = "百思不得姐Demo/Classes/Other-其他/PrefixHeader.pch";
				INFOPLIST_FILE = "百思不得姐Demo/Info.plist";
				LD_RUNPATH_SEARCH_PATHS = "$(inherited) @executable_path/Frameworks";
				PRODUCT_BUNDLE_IDENTIFIER = "Wind.-----Demo";
				PRODUCT_NAME = "$(TARGET_NAME)";
				TARGETED_DEVICE_FAMILY = 1;
			};
			name = Release;
		};
		B0346FF51CE2F15400AC0CA1 /* Debug */ = {
			isa = XCBuildConfiguration;
			buildSettings = {
				BUNDLE_LOADER = "$(TEST_HOST)";
				INFOPLIST_FILE = "百思不得姐DemoTests/Info.plist";
				LD_RUNPATH_SEARCH_PATHS = "$(inherited) @executable_path/Frameworks @loader_path/Frameworks";
				PRODUCT_BUNDLE_IDENTIFIER = "Wind.-----DemoTests";
				PRODUCT_NAME = "$(TARGET_NAME)";
				TEST_HOST = "$(BUILT_PRODUCTS_DIR)/百思不得姐Demo.app/百思不得姐Demo";
			};
			name = Debug;
		};
		B0346FF61CE2F15400AC0CA1 /* Release */ = {
			isa = XCBuildConfiguration;
			buildSettings = {
				BUNDLE_LOADER = "$(TEST_HOST)";
				INFOPLIST_FILE = "百思不得姐DemoTests/Info.plist";
				LD_RUNPATH_SEARCH_PATHS = "$(inherited) @executable_path/Frameworks @loader_path/Frameworks";
				PRODUCT_BUNDLE_IDENTIFIER = "Wind.-----DemoTests";
				PRODUCT_NAME = "$(TARGET_NAME)";
				TEST_HOST = "$(BUILT_PRODUCTS_DIR)/百思不得姐Demo.app/百思不得姐Demo";
			};
			name = Release;
		};
		B0346FF81CE2F15400AC0CA1 /* Debug */ = {
			isa = XCBuildConfiguration;
			buildSettings = {
				INFOPLIST_FILE = "百思不得姐DemoUITests/Info.plist";
				LD_RUNPATH_SEARCH_PATHS = "$(inherited) @executable_path/Frameworks @loader_path/Frameworks";
				PRODUCT_BUNDLE_IDENTIFIER = "Wind.-----DemoUITests";
				PRODUCT_NAME = "$(TARGET_NAME)";
				TEST_TARGET_NAME = "百思不得姐Demo";
			};
			name = Debug;
		};
		B0346FF91CE2F15400AC0CA1 /* Release */ = {
			isa = XCBuildConfiguration;
			buildSettings = {
				INFOPLIST_FILE = "百思不得姐DemoUITests/Info.plist";
				LD_RUNPATH_SEARCH_PATHS = "$(inherited) @executable_path/Frameworks @loader_path/Frameworks";
				PRODUCT_BUNDLE_IDENTIFIER = "Wind.-----DemoUITests";
				PRODUCT_NAME = "$(TARGET_NAME)";
				TEST_TARGET_NAME = "百思不得姐Demo";
			};
			name = Release;
		};
/* End XCBuildConfiguration section */

/* Begin XCConfigurationList section */
		B0346FBF1CE2F15400AC0CA1 /* Build configuration list for PBXProject "百思不得姐Demo" */ = {
			isa = XCConfigurationList;
			buildConfigurations = (
				B0346FEF1CE2F15400AC0CA1 /* Debug */,
				B0346FF01CE2F15400AC0CA1 /* Release */,
			);
			defaultConfigurationIsVisible = 0;
			defaultConfigurationName = Release;
		};
		B0346FF11CE2F15400AC0CA1 /* Build configuration list for PBXNativeTarget "百思不得姐Demo" */ = {
			isa = XCConfigurationList;
			buildConfigurations = (
				B0346FF21CE2F15400AC0CA1 /* Debug */,
				B0346FF31CE2F15400AC0CA1 /* Release */,
			);
			defaultConfigurationIsVisible = 0;
			defaultConfigurationName = Release;
		};
		B0346FF41CE2F15400AC0CA1 /* Build configuration list for PBXNativeTarget "百思不得姐DemoTests" */ = {
			isa = XCConfigurationList;
			buildConfigurations = (
				B0346FF51CE2F15400AC0CA1 /* Debug */,
				B0346FF61CE2F15400AC0CA1 /* Release */,
			);
			defaultConfigurationIsVisible = 0;
			defaultConfigurationName = Release;
		};
		B0346FF71CE2F15400AC0CA1 /* Build configuration list for PBXNativeTarget "百思不得姐DemoUITests" */ = {
			isa = XCConfigurationList;
			buildConfigurations = (
				B0346FF81CE2F15400AC0CA1 /* Debug */,
				B0346FF91CE2F15400AC0CA1 /* Release */,
			);
			defaultConfigurationIsVisible = 0;
			defaultConfigurationName = Release;
		};
/* End XCConfigurationList section */
	};
	rootObject = B0346FBC1CE2F15400AC0CA1 /* Project object */;
}
